
Microsoft Visual Studio Solution File, Format Version 12.00
# Visual Studio Version 17
VisualStudioVersion = 17.9.34714.143
MinimumVisualStudioVersion = 10.0.40219.1
Project("{9A19103F-16F7-4668-BE54-9A1E7A4F7556}") = "FormApplicationCreator.API", "FormApplicationCreator.API\FormApplicationCreator.API.csproj", "{4FFD59D2-BCCB-4DA2-9FBC-479EB1ED115B}"
EndProject
Project("{9A19103F-16F7-4668-BE54-9A1E7A4F7556}") = "FormApplicationCreator.Domain", "FormApplicationCreator.Domain\FormApplicationCreator.Domain.csproj", "{862F2140-D1C0-480B-91B4-2BF4C9697760}"
EndProject
Project("{9A19103F-16F7-4668-BE54-9A1E7A4F7556}") = "FormApplicationCreator.Persistence", "FormApplicationCreator.Persistence\FormApplicationCreator.Persistence.csproj", "{61E7FA89-2469-439B-A999-56D597722162}"
EndProject
Project("{9A19103F-16F7-4668-BE54-9A1E7A4F7556}") = "FormApplicationCreator.Application", "FormApplicationCreator.Application\FormApplicationCreator.Application.csproj", "{6920F504-7F22-4097-9B0C-326E860485C3}"
EndProject
Project("{2150E333-8FDC-42A3-9474-1A3956D46DE8}") = "Tests", "Tests", "{2009713A-383D-45D4-9BBA-8B2739B7B2F8}"
EndProject
Project("{FAE04EC0-301F-11D3-BF4B-00C04F79EFBC}") = "FormApplicationCreator.ApplicationTest", "FormApplicationCreator.ApplicationTest\FormApplicationCreator.ApplicationTest.csproj", "{94737FDB-23A8-4A80-8B21-5298E9931BB5}"
EndProject
Global
	GlobalSection(SolutionConfigurationPlatforms) = preSolution
		Debug|Any CPU = Debug|Any CPU
		Release|Any CPU = Release|Any CPU
	EndGlobalSection
	GlobalSection(ProjectConfigurationPlatforms) = postSolution
		{4FFD59D2-BCCB-4DA2-9FBC-479EB1ED115B}.Debug|Any CPU.ActiveCfg = Debug|Any CPU
		{4FFD59D2-BCCB-4DA2-9FBC-479EB1ED115B}.Debug|Any CPU.Build.0 = Debug|Any CPU
		{4FFD59D2-BCCB-4DA2-9FBC-479EB1ED115B}.Release|Any CPU.ActiveCfg = Release|Any CPU
		{4FFD59D2-BCCB-4DA2-9FBC-479EB1ED115B}.Release|Any CPU.Build.0 = Release|Any CPU
		{862F2140-D1C0-480B-91B4-2BF4C9697760}.Debug|Any CPU.ActiveCfg = Debug|Any CPU
		{862F2140-D1C0-480B-91B4-2BF4C9697760}.Debug|Any CPU.Build.0 = Debug|Any CPU
		{862F2140-D1C0-480B-91B4-2BF4C9697760}.Release|Any CPU.ActiveCfg = Release|Any CPU
		{862F2140-D1C0-480B-91B4-2BF4C9697760}.Release|Any CPU.Build.0 = Release|Any CPU
		{61E7FA89-2469-439B-A999-56D597722162}.Debug|Any CPU.ActiveCfg = Debug|Any CPU
		{61E7FA89-2469-439B-A999-56D597722162}.Debug|Any CPU.Build.0 = Debug|Any CPU
		{61E7FA89-2469-439B-A999-56D597722162}.Release|Any CPU.ActiveCfg = Release|Any CPU
		{61E7FA89-2469-439B-A999-56D597722162}.Release|Any CPU.Build.0 = Release|Any CPU
		{6920F504-7F22-4097-9B0C-326E860485C3}.Debug|Any CPU.ActiveCfg = Debug|Any CPU
		{6920F504-7F22-4097-9B0C-326E860485C3}.Debug|Any CPU.Build.0 = Debug|Any CPU
		{6920F504-7F22-4097-9B0C-326E860485C3}.Release|Any CPU.ActiveCfg = Release|Any CPU
		{6920F504-7F22-4097-9B0C-326E860485C3}.Release|Any CPU.Build.0 = Release|Any CPU
		{94737FDB-23A8-4A80-8B21-5298E9931BB5}.Debug|Any CPU.ActiveCfg = Debug|Any CPU
		{94737FDB-23A8-4A80-8B21-5298E9931BB5}.Debug|Any CPU.Build.0 = Debug|Any CPU
		{94737FDB-23A8-4A80-8B21-5298E9931BB5}.Release|Any CPU.ActiveCfg = Release|Any CPU
		{94737FDB-23A8-4A80-8B21-5298E9931BB5}.Release|Any CPU.Build.0 = Release|Any CPU
	EndGlobalSection
	GlobalSection(SolutionProperties) = preSolution
		HideSolutionNode = FALSE
	EndGlobalSection
	GlobalSection(NestedProjects) = preSolution
		{94737FDB-23A8-4A80-8B21-5298E9931BB5} = {2009713A-383D-45D4-9BBA-8B2739B7B2F8}
	EndGlobalSection
	GlobalSection(ExtensibilityGlobals) = postSolution
		SolutionGuid = {1792843F-E581-4AB8-93C7-63EDC305E562}
	EndGlobalSection
EndGlobal
